
Microsoft Visual Studio Solution File, Format Version 12.00
# Visual Studio Version 17
VisualStudioVersion = 17.0.31903.59
MinimumVisualStudioVersion = 10.0.40219.1
Project("{2150E333-8FDC-42A3-9474-1A3956D46DE8}") = "bridge-mod", "bridge-mod", "{16B57C42-DE3E-AB11-EDEF-4308723653CE}"
EndProject
Project("{2150E333-8FDC-42A3-9474-1A3956D46DE8}") = "src", "src", "{66675B82-0A87-8A8C-FBCB-9F1D7BD6AA8C}"
EndProject
Project("{FAE04EC0-301F-11D3-BF4B-00C04F79EFBC}") = "Spirectl.BridgeMod", "bridge-mod\src\Spirectl.BridgeMod\Spirectl.BridgeMod.csproj", "{82D359AE-6783-4D3E-92F8-8CB8957A3E02}"
EndProject
Project("{2150E333-8FDC-42A3-9474-1A3956D46DE8}") = "tests", "tests", "{ED076D0D-8EAA-97CE-C1CF-410FD041228F}"
EndProject
Project("{FAE04EC0-301F-11D3-BF4B-00C04F79EFBC}") = "Spirectl.BridgeMod.Tests", "bridge-mod\tests\Spirectl.BridgeMod.Tests\Spirectl.BridgeMod.Tests.csproj", "{2144983D-F27D-4E3C-B657-8D6066F6A74E}"
EndProject
Project("{2150E333-8FDC-42A3-9474-1A3956D46DE8}") = "dotnet-tools", "dotnet-tools", "{3D1BCA06-9861-2607-5EF1-8740E4A9D1DB}"
EndProject
Project("{2150E333-8FDC-42A3-9474-1A3956D46DE8}") = "src", "src", "{29F02729-AFC3-C40C-C550-446FCC974E96}"
EndProject
Project("{FAE04EC0-301F-11D3-BF4B-00C04F79EFBC}") = "Spirectl.DotnetTools", "dotnet-tools\src\Spirectl.DotnetTools\Spirectl.DotnetTools.csproj", "{D7704E26-D7BD-4C3B-8A00-6FCF6493EFD9}"
EndProject
Project("{2150E333-8FDC-42A3-9474-1A3956D46DE8}") = "tests", "tests", "{ED87E34F-E1AD-46E6-329D-A1247B572E97}"
EndProject
Project("{FAE04EC0-301F-11D3-BF4B-00C04F79EFBC}") = "Spirectl.DotnetTools.Tests", "dotnet-tools\tests\Spirectl.DotnetTools.Tests\Spirectl.DotnetTools.Tests.csproj", "{6035BDA4-7DB0-4A3A-A08A-0619C3630F21}"
EndProject
Project("{FAE04EC0-301F-11D3-BF4B-00C04F79EFBC}") = "Spirectl.BridgeMod.Sts2Host", "bridge-mod\src\Spirectl.BridgeMod.Sts2Host\Spirectl.BridgeMod.Sts2Host.csproj", "{B3B150BC-DEA7-42BE-9700-0007DBE5D724}"
EndProject
Project("{FAE04EC0-301F-11D3-BF4B-00C04F79EFBC}") = "Spirectl.BridgeMod.Sts2Host.Loader", "bridge-mod\src\Spirectl.BridgeMod.Sts2Host.Loader\Spirectl.BridgeMod.Sts2Host.Loader.csproj", "{11D705D5-CC4F-4507-B54B-790E64442DF1}"
EndProject
Project("{2150E333-8FDC-42A3-9474-1A3956D46DE8}") = "templates", "templates", "{808186BE-9BD0-DD1D-D574-36EEAD1E7F8F}"
EndProject
Project("{2150E333-8FDC-42A3-9474-1A3956D46DE8}") = "stable-harmony-trampoline", "stable-harmony-trampoline", "{441541F7-CB09-3E9D-FC0A-7A9CC2FD7584}"
EndProject
Project("{FAE04EC0-301F-11D3-BF4B-00C04F79EFBC}") = "HotMod.Contracts", "templates\stable-harmony-trampoline\src\HotMod.Contracts\HotMod.Contracts.csproj", "{82505850-7527-4F03-88D4-77387FE7B003}"
EndProject
Project("{FAE04EC0-301F-11D3-BF4B-00C04F79EFBC}") = "HotMod.Shell", "templates\stable-harmony-trampoline\src\HotMod.Shell\HotMod.Shell.csproj", "{C01F1218-BFA1-4E20-8B1D-4F282949B3AE}"
EndProject
Project("{FAE04EC0-301F-11D3-BF4B-00C04F79EFBC}") = "HotMod.Logic", "templates\stable-harmony-trampoline\src\HotMod.Logic\HotMod.Logic.csproj", "{0718FE0D-BED5-45C7-AEC7-A2B1817E6562}"
EndProject
Project("{FAE04EC0-301F-11D3-BF4B-00C04F79EFBC}") = "HotMod.ReloadTests", "templates\stable-harmony-trampoline\tests\HotMod.ReloadTests\HotMod.ReloadTests.csproj", "{AE235F6D-AEF6-4886-A277-04B59EA7A5AB}"
EndProject
Project("{2150E333-8FDC-42A3-9474-1A3956D46DE8}") = "src", "src", "{69D745AC-445C-C914-373F-C686F501AFA8}"
EndProject
Project("{FAE04EC0-301F-11D3-BF4B-00C04F79EFBC}") = "HotMod.Guardrails", "templates\stable-harmony-trampoline\src\HotMod.Guardrails\HotMod.Guardrails.csproj", "{15965E39-D2E6-4BA7-BC94-C730F8A3529D}"
EndProject
Project("{2150E333-8FDC-42A3-9474-1A3956D46DE8}") = "tests", "tests", "{6F89F00C-2D95-EBB4-5B2E-CCFFDB4AFE38}"
EndProject
Project("{FAE04EC0-301F-11D3-BF4B-00C04F79EFBC}") = "HotMod.Guardrails.Tests", "templates\stable-harmony-trampoline\tests\HotMod.Guardrails.Tests\HotMod.Guardrails.Tests.csproj", "{1D482A1B-4E30-4E77-B3A2-D7DDD3BE8C51}"
EndProject
Project("{FAE04EC0-301F-11D3-BF4B-00C04F79EFBC}") = "Spirectl.Sts2", "bridge-mod\src\Spirectl.Sts2\Spirectl.Sts2.csproj", "{16B66A0A-2A9C-484A-907A-870193A94E35}"
EndProject
Project("{2150E333-8FDC-42A3-9474-1A3956D46DE8}") = "tools", "tools", "{E915B076-3524-DCF3-0E10-DE83D2C3BF44}"
EndProject
Project("{FAE04EC0-301F-11D3-BF4B-00C04F79EFBC}") = "Spirectl.BridgeMod.PerfReport", "bridge-mod\tools\Spirectl.BridgeMod.PerfReport\Spirectl.BridgeMod.PerfReport.csproj", "{6B50894C-BE96-4A27-8E74-913DCF9AD9FF}"
EndProject
Global
	GlobalSection(SolutionConfigurationPlatforms) = preSolution
		Debug|Any CPU = Debug|Any CPU
		Debug|x64 = Debug|x64
		Debug|x86 = Debug|x86
		Release|Any CPU = Release|Any CPU
		Release|x64 = Release|x64
		Release|x86 = Release|x86
	EndGlobalSection
	GlobalSection(ProjectConfigurationPlatforms) = postSolution
		{82D359AE-6783-4D3E-92F8-8CB8957A3E02}.Debug|Any CPU.ActiveCfg = Debug|Any CPU
		{82D359AE-6783-4D3E-92F8-8CB8957A3E02}.Debug|Any CPU.Build.0 = Debug|Any CPU
		{82D359AE-6783-4D3E-92F8-8CB8957A3E02}.Debug|x64.ActiveCfg = Debug|Any CPU
		{82D359AE-6783-4D3E-92F8-8CB8957A3E02}.Debug|x64.Build.0 = Debug|Any CPU
		{82D359AE-6783-4D3E-92F8-8CB8957A3E02}.Debug|x86.ActiveCfg = Debug|Any CPU
		{82D359AE-6783-4D3E-92F8-8CB8957A3E02}.Debug|x86.Build.0 = Debug|Any CPU
		{82D359AE-6783-4D3E-92F8-8CB8957A3E02}.Release|Any CPU.ActiveCfg = Release|Any CPU
		{82D359AE-6783-4D3E-92F8-8CB8957A3E02}.Release|Any CPU.Build.0 = Release|Any CPU
		{82D359AE-6783-4D3E-92F8-8CB8957A3E02}.Release|x64.ActiveCfg = Release|Any CPU
		{82D359AE-6783-4D3E-92F8-8CB8957A3E02}.Release|x64.Build.0 = Release|Any CPU
		{82D359AE-6783-4D3E-92F8-8CB8957A3E02}.Release|x86.ActiveCfg = Release|Any CPU
		{82D359AE-6783-4D3E-92F8-8CB8957A3E02}.Release|x86.Build.0 = Release|Any CPU
		{2144983D-F27D-4E3C-B657-8D6066F6A74E}.Debug|Any CPU.ActiveCfg = Debug|Any CPU
		{2144983D-F27D-4E3C-B657-8D6066F6A74E}.Debug|Any CPU.Build.0 = Debug|Any CPU
		{2144983D-F27D-4E3C-B657-8D6066F6A74E}.Debug|x64.ActiveCfg = Debug|Any CPU
		{2144983D-F27D-4E3C-B657-8D6066F6A74E}.Debug|x64.Build.0 = Debug|Any CPU
		{2144983D-F27D-4E3C-B657-8D6066F6A74E}.Debug|x86.ActiveCfg = Debug|Any CPU
		{2144983D-F27D-4E3C-B657-8D6066F6A74E}.Debug|x86.Build.0 = Debug|Any CPU
		{2144983D-F27D-4E3C-B657-8D6066F6A74E}.Release|Any CPU.ActiveCfg = Release|Any CPU
		{2144983D-F27D-4E3C-B657-8D6066F6A74E}.Release|Any CPU.Build.0 = Release|Any CPU
		{2144983D-F27D-4E3C-B657-8D6066F6A74E}.Release|x64.ActiveCfg = Release|Any CPU
		{2144983D-F27D-4E3C-B657-8D6066F6A74E}.Release|x64.Build.0 = Release|Any CPU
		{2144983D-F27D-4E3C-B657-8D6066F6A74E}.Release|x86.ActiveCfg = Release|Any CPU
		{2144983D-F27D-4E3C-B657-8D6066F6A74E}.Release|x86.Build.0 = Release|Any CPU
		{D7704E26-D7BD-4C3B-8A00-6FCF6493EFD9}.Debug|Any CPU.ActiveCfg = Debug|Any CPU
		{D7704E26-D7BD-4C3B-8A00-6FCF6493EFD9}.Debug|Any CPU.Build.0 = Debug|Any CPU
		{D7704E26-D7BD-4C3B-8A00-6FCF6493EFD9}.Debug|x64.ActiveCfg = Debug|Any CPU
		{D7704E26-D7BD-4C3B-8A00-6FCF6493EFD9}.Debug|x64.Build.0 = Debug|Any CPU
		{D7704E26-D7BD-4C3B-8A00-6FCF6493EFD9}.Debug|x86.ActiveCfg = Debug|Any CPU
		{D7704E26-D7BD-4C3B-8A00-6FCF6493EFD9}.Debug|x86.Build.0 = Debug|Any CPU
		{D7704E26-D7BD-4C3B-8A00-6FCF6493EFD9}.Release|Any CPU.ActiveCfg = Release|Any CPU
		{D7704E26-D7BD-4C3B-8A00-6FCF6493EFD9}.Release|Any CPU.Build.0 = Release|Any CPU
		{D7704E26-D7BD-4C3B-8A00-6FCF6493EFD9}.Release|x64.ActiveCfg = Release|Any CPU
		{D7704E26-D7BD-4C3B-8A00-6FCF6493EFD9}.Release|x64.Build.0 = Release|Any CPU
		{D7704E26-D7BD-4C3B-8A00-6FCF6493EFD9}.Release|x86.ActiveCfg = Release|Any CPU
		{D7704E26-D7BD-4C3B-8A00-6FCF6493EFD9}.Release|x86.Build.0 = Release|Any CPU
		{6035BDA4-7DB0-4A3A-A08A-0619C3630F21}.Debug|Any CPU.ActiveCfg = Debug|Any CPU
		{6035BDA4-7DB0-4A3A-A08A-0619C3630F21}.Debug|Any CPU.Build.0 = Debug|Any CPU
		{6035BDA4-7DB0-4A3A-A08A-0619C3630F21}.Debug|x64.ActiveCfg = Debug|Any CPU
		{6035BDA4-7DB0-4A3A-A08A-0619C3630F21}.Debug|x64.Build.0 = Debug|Any CPU
		{6035BDA4-7DB0-4A3A-A08A-0619C3630F21}.Debug|x86.ActiveCfg = Debug|Any CPU
		{6035BDA4-7DB0-4A3A-A08A-0619C3630F21}.Debug|x86.Build.0 = Debug|Any CPU
		{6035BDA4-7DB0-4A3A-A08A-0619C3630F21}.Release|Any CPU.ActiveCfg = Release|Any CPU
		{6035BDA4-7DB0-4A3A-A08A-0619C3630F21}.Release|Any CPU.Build.0 = Release|Any CPU
		{6035BDA4-7DB0-4A3A-A08A-0619C3630F21}.Release|x64.ActiveCfg = Release|Any CPU
		{6035BDA4-7DB0-4A3A-A08A-0619C3630F21}.Release|x64.Build.0 = Release|Any CPU
		{6035BDA4-7DB0-4A3A-A08A-0619C3630F21}.Release|x86.ActiveCfg = Release|Any CPU
		{6035BDA4-7DB0-4A3A-A08A-0619C3630F21}.Release|x86.Build.0 = Release|Any CPU
		{B3B150BC-DEA7-42BE-9700-0007DBE5D724}.Debug|Any CPU.ActiveCfg = Debug|Any CPU
		{B3B150BC-DEA7-42BE-9700-0007DBE5D724}.Debug|Any CPU.Build.0 = Debug|Any CPU
		{B3B150BC-DEA7-42BE-9700-0007DBE5D724}.Debug|x64.ActiveCfg = Debug|Any CPU
		{B3B150BC-DEA7-42BE-9700-0007DBE5D724}.Debug|x64.Build.0 = Debug|Any CPU
		{B3B150BC-DEA7-42BE-9700-0007DBE5D724}.Debug|x86.ActiveCfg = Debug|Any CPU
		{B3B150BC-DEA7-42BE-9700-0007DBE5D724}.Debug|x86.Build.0 = Debug|Any CPU
		{B3B150BC-DEA7-42BE-9700-0007DBE5D724}.Release|Any CPU.ActiveCfg = Release|Any CPU
		{B3B150BC-DEA7-42BE-9700-0007DBE5D724}.Release|Any CPU.Build.0 = Release|Any CPU
		{B3B150BC-DEA7-42BE-9700-0007DBE5D724}.Release|x64.ActiveCfg = Release|Any CPU
		{B3B150BC-DEA7-42BE-9700-0007DBE5D724}.Release|x64.Build.0 = Release|Any CPU
		{B3B150BC-DEA7-42BE-9700-0007DBE5D724}.Release|x86.ActiveCfg = Release|Any CPU
		{B3B150BC-DEA7-42BE-9700-0007DBE5D724}.Release|x86.Build.0 = Release|Any CPU
		{11D705D5-CC4F-4507-B54B-790E64442DF1}.Debug|Any CPU.ActiveCfg = Debug|Any CPU
		{11D705D5-CC4F-4507-B54B-790E64442DF1}.Debug|Any CPU.Build.0 = Debug|Any CPU
		{11D705D5-CC4F-4507-B54B-790E64442DF1}.Debug|x64.ActiveCfg = Debug|Any CPU
		{11D705D5-CC4F-4507-B54B-790E64442DF1}.Debug|x64.Build.0 = Debug|Any CPU
		{11D705D5-CC4F-4507-B54B-790E64442DF1}.Debug|x86.ActiveCfg = Debug|Any CPU
		{11D705D5-CC4F-4507-B54B-790E64442DF1}.Debug|x86.Build.0 = Debug|Any CPU
		{11D705D5-CC4F-4507-B54B-790E64442DF1}.Release|Any CPU.ActiveCfg = Release|Any CPU
		{11D705D5-CC4F-4507-B54B-790E64442DF1}.Release|Any CPU.Build.0 = Release|Any CPU
		{11D705D5-CC4F-4507-B54B-790E64442DF1}.Release|x64.ActiveCfg = Release|Any CPU
		{11D705D5-CC4F-4507-B54B-790E64442DF1}.Release|x64.Build.0 = Release|Any CPU
		{11D705D5-CC4F-4507-B54B-790E64442DF1}.Release|x86.ActiveCfg = Release|Any CPU
		{11D705D5-CC4F-4507-B54B-790E64442DF1}.Release|x86.Build.0 = Release|Any CPU
		{82505850-7527-4F03-88D4-77387FE7B003}.Debug|Any CPU.ActiveCfg = Debug|Any CPU
		{82505850-7527-4F03-88D4-77387FE7B003}.Debug|Any CPU.Build.0 = Debug|Any CPU
		{82505850-7527-4F03-88D4-77387FE7B003}.Debug|x64.ActiveCfg = Debug|Any CPU
		{82505850-7527-4F03-88D4-77387FE7B003}.Debug|x64.Build.0 = Debug|Any CPU
		{82505850-7527-4F03-88D4-77387FE7B003}.Debug|x86.ActiveCfg = Debug|Any CPU
		{82505850-7527-4F03-88D4-77387FE7B003}.Debug|x86.Build.0 = Debug|Any CPU
		{82505850-7527-4F03-88D4-77387FE7B003}.Release|Any CPU.ActiveCfg = Release|Any CPU
		{82505850-7527-4F03-88D4-77387FE7B003}.Release|Any CPU.Build.0 = Release|Any CPU
		{82505850-7527-4F03-88D4-77387FE7B003}.Release|x64.ActiveCfg = Release|Any CPU
		{82505850-7527-4F03-88D4-77387FE7B003}.Release|x64.Build.0 = Release|Any CPU
		{82505850-7527-4F03-88D4-77387FE7B003}.Release|x86.ActiveCfg = Release|Any CPU
		{82505850-7527-4F03-88D4-77387FE7B003}.Release|x86.Build.0 = Release|Any CPU
		{C01F1218-BFA1-4E20-8B1D-4F282949B3AE}.Debug|Any CPU.ActiveCfg = Debug|Any CPU
		{C01F1218-BFA1-4E20-8B1D-4F282949B3AE}.Debug|Any CPU.Build.0 = Debug|Any CPU
		{C01F1218-BFA1-4E20-8B1D-4F282949B3AE}.Debug|x64.ActiveCfg = Debug|Any CPU
		{C01F1218-BFA1-4E20-8B1D-4F282949B3AE}.Debug|x64.Build.0 = Debug|Any CPU
		{C01F1218-BFA1-4E20-8B1D-4F282949B3AE}.Debug|x86.ActiveCfg = Debug|Any CPU
		{C01F1218-BFA1-4E20-8B1D-4F282949B3AE}.Debug|x86.Build.0 = Debug|Any CPU
		{C01F1218-BFA1-4E20-8B1D-4F282949B3AE}.Release|Any CPU.ActiveCfg = Release|Any CPU
		{C01F1218-BFA1-4E20-8B1D-4F282949B3AE}.Release|Any CPU.Build.0 = Release|Any CPU
		{C01F1218-BFA1-4E20-8B1D-4F282949B3AE}.Release|x64.ActiveCfg = Release|Any CPU
		{C01F1218-BFA1-4E20-8B1D-4F282949B3AE}.Release|x64.Build.0 = Release|Any CPU
		{C01F1218-BFA1-4E20-8B1D-4F282949B3AE}.Release|x86.ActiveCfg = Release|Any CPU
		{C01F1218-BFA1-4E20-8B1D-4F282949B3AE}.Release|x86.Build.0 = Release|Any CPU
		{0718FE0D-BED5-45C7-AEC7-A2B1817E6562}.Debug|Any CPU.ActiveCfg = Debug|Any CPU
		{0718FE0D-BED5-45C7-AEC7-A2B1817E6562}.Debug|Any CPU.Build.0 = Debug|Any CPU
		{0718FE0D-BED5-45C7-AEC7-A2B1817E6562}.Debug|x64.ActiveCfg = Debug|Any CPU
		{0718FE0D-BED5-45C7-AEC7-A2B1817E6562}.Debug|x64.Build.0 = Debug|Any CPU
		{0718FE0D-BED5-45C7-AEC7-A2B1817E6562}.Debug|x86.ActiveCfg = Debug|Any CPU
		{0718FE0D-BED5-45C7-AEC7-A2B1817E6562}.Debug|x86.Build.0 = Debug|Any CPU
		{0718FE0D-BED5-45C7-AEC7-A2B1817E6562}.Release|Any CPU.ActiveCfg = Release|Any CPU
		{0718FE0D-BED5-45C7-AEC7-A2B1817E6562}.Release|Any CPU.Build.0 = Release|Any CPU
		{0718FE0D-BED5-45C7-AEC7-A2B1817E6562}.Release|x64.ActiveCfg = Release|Any CPU
		{0718FE0D-BED5-45C7-AEC7-A2B1817E6562}.Release|x64.Build.0 = Release|Any CPU
		{0718FE0D-BED5-45C7-AEC7-A2B1817E6562}.Release|x86.ActiveCfg = Release|Any CPU
		{0718FE0D-BED5-45C7-AEC7-A2B1817E6562}.Release|x86.Build.0 = Release|Any CPU
		{AE235F6D-AEF6-4886-A277-04B59EA7A5AB}.Debug|Any CPU.ActiveCfg = Debug|Any CPU
		{AE235F6D-AEF6-4886-A277-04B59EA7A5AB}.Debug|Any CPU.Build.0 = Debug|Any CPU
		{AE235F6D-AEF6-4886-A277-04B59EA7A5AB}.Debug|x64.ActiveCfg = Debug|Any CPU
		{AE235F6D-AEF6-4886-A277-04B59EA7A5AB}.Debug|x64.Build.0 = Debug|Any CPU
		{AE235F6D-AEF6-4886-A277-04B59EA7A5AB}.Debug|x86.ActiveCfg = Debug|Any CPU
		{AE235F6D-AEF6-4886-A277-04B59EA7A5AB}.Debug|x86.Build.0 = Debug|Any CPU
		{AE235F6D-AEF6-4886-A277-04B59EA7A5AB}.Release|Any CPU.ActiveCfg = Release|Any CPU
		{AE235F6D-AEF6-4886-A277-04B59EA7A5AB}.Release|Any CPU.Build.0 = Release|Any CPU
		{AE235F6D-AEF6-4886-A277-04B59EA7A5AB}.Release|x64.ActiveCfg = Release|Any CPU
		{AE235F6D-AEF6-4886-A277-04B59EA7A5AB}.Release|x64.Build.0 = Release|Any CPU
		{AE235F6D-AEF6-4886-A277-04B59EA7A5AB}.Release|x86.ActiveCfg = Release|Any CPU
		{AE235F6D-AEF6-4886-A277-04B59EA7A5AB}.Release|x86.Build.0 = Release|Any CPU
		{15965E39-D2E6-4BA7-BC94-C730F8A3529D}.Debug|Any CPU.ActiveCfg = Debug|Any CPU
		{15965E39-D2E6-4BA7-BC94-C730F8A3529D}.Debug|Any CPU.Build.0 = Debug|Any CPU
		{15965E39-D2E6-4BA7-BC94-C730F8A3529D}.Debug|x64.ActiveCfg = Debug|Any CPU
		{15965E39-D2E6-4BA7-BC94-C730F8A3529D}.Debug|x64.Build.0 = Debug|Any CPU
		{15965E39-D2E6-4BA7-BC94-C730F8A3529D}.Debug|x86.ActiveCfg = Debug|Any CPU
		{15965E39-D2E6-4BA7-BC94-C730F8A3529D}.Debug|x86.Build.0 = Debug|Any CPU
		{15965E39-D2E6-4BA7-BC94-C730F8A3529D}.Release|Any CPU.ActiveCfg = Release|Any CPU
		{15965E39-D2E6-4BA7-BC94-C730F8A3529D}.Release|Any CPU.Build.0 = Release|Any CPU
		{15965E39-D2E6-4BA7-BC94-C730F8A3529D}.Release|x64.ActiveCfg = Release|Any CPU
		{15965E39-D2E6-4BA7-BC94-C730F8A3529D}.Release|x64.Build.0 = Release|Any CPU
		{15965E39-D2E6-4BA7-BC94-C730F8A3529D}.Release|x86.ActiveCfg = Release|Any CPU
		{15965E39-D2E6-4BA7-BC94-C730F8A3529D}.Release|x86.Build.0 = Release|Any CPU
		{1D482A1B-4E30-4E77-B3A2-D7DDD3BE8C51}.Debug|Any CPU.ActiveCfg = Debug|Any CPU
		{1D482A1B-4E30-4E77-B3A2-D7DDD3BE8C51}.Debug|Any CPU.Build.0 = Debug|Any CPU
		{1D482A1B-4E30-4E77-B3A2-D7DDD3BE8C51}.Debug|x64.ActiveCfg = Debug|Any CPU
		{1D482A1B-4E30-4E77-B3A2-D7DDD3BE8C51}.Debug|x64.Build.0 = Debug|Any CPU
		{1D482A1B-4E30-4E77-B3A2-D7DDD3BE8C51}.Debug|x86.ActiveCfg = Debug|Any CPU
		{1D482A1B-4E30-4E77-B3A2-D7DDD3BE8C51}.Debug|x86.Build.0 = Debug|Any CPU
		{1D482A1B-4E30-4E77-B3A2-D7DDD3BE8C51}.Release|Any CPU.ActiveCfg = Release|Any CPU
		{1D482A1B-4E30-4E77-B3A2-D7DDD3BE8C51}.Release|Any CPU.Build.0 = Release|Any CPU
		{1D482A1B-4E30-4E77-B3A2-D7DDD3BE8C51}.Release|x64.ActiveCfg = Release|Any CPU
		{1D482A1B-4E30-4E77-B3A2-D7DDD3BE8C51}.Release|x64.Build.0 = Release|Any CPU
		{1D482A1B-4E30-4E77-B3A2-D7DDD3BE8C51}.Release|x86.ActiveCfg = Release|Any CPU
		{1D482A1B-4E30-4E77-B3A2-D7DDD3BE8C51}.Release|x86.Build.0 = Release|Any CPU
		{16B66A0A-2A9C-484A-907A-870193A94E35}.Debug|Any CPU.ActiveCfg = Debug|Any CPU
		{16B66A0A-2A9C-484A-907A-870193A94E35}.Debug|Any CPU.Build.0 = Debug|Any CPU
		{16B66A0A-2A9C-484A-907A-870193A94E35}.Debug|x64.ActiveCfg = Debug|Any CPU
		{16B66A0A-2A9C-484A-907A-870193A94E35}.Debug|x64.Build.0 = Debug|Any CPU
		{16B66A0A-2A9C-484A-907A-870193A94E35}.Debug|x86.ActiveCfg = Debug|Any CPU
		{16B66A0A-2A9C-484A-907A-870193A94E35}.Debug|x86.Build.0 = Debug|Any CPU
		{16B66A0A-2A9C-484A-907A-870193A94E35}.Release|Any CPU.ActiveCfg = Release|Any CPU
		{16B66A0A-2A9C-484A-907A-870193A94E35}.Release|Any CPU.Build.0 = Release|Any CPU
		{16B66A0A-2A9C-484A-907A-870193A94E35}.Release|x64.ActiveCfg = Release|Any CPU
		{16B66A0A-2A9C-484A-907A-870193A94E35}.Release|x64.Build.0 = Release|Any CPU
		{16B66A0A-2A9C-484A-907A-870193A94E35}.Release|x86.ActiveCfg = Release|Any CPU
		{16B66A0A-2A9C-484A-907A-870193A94E35}.Release|x86.Build.0 = Release|Any CPU
		{6B50894C-BE96-4A27-8E74-913DCF9AD9FF}.Debug|Any CPU.ActiveCfg = Debug|Any CPU
		{6B50894C-BE96-4A27-8E74-913DCF9AD9FF}.Debug|Any CPU.Build.0 = Debug|Any CPU
		{6B50894C-BE96-4A27-8E74-913DCF9AD9FF}.Debug|x64.ActiveCfg = Debug|Any CPU
		{6B50894C-BE96-4A27-8E74-913DCF9AD9FF}.Debug|x64.Build.0 = Debug|Any CPU
		{6B50894C-BE96-4A27-8E74-913DCF9AD9FF}.Debug|x86.ActiveCfg = Debug|Any CPU
		{6B50894C-BE96-4A27-8E74-913DCF9AD9FF}.Debug|x86.Build.0 = Debug|Any CPU
		{6B50894C-BE96-4A27-8E74-913DCF9AD9FF}.Release|Any CPU.ActiveCfg = Release|Any CPU
		{6B50894C-BE96-4A27-8E74-913DCF9AD9FF}.Release|Any CPU.Build.0 = Release|Any CPU
		{6B50894C-BE96-4A27-8E74-913DCF9AD9FF}.Release|x64.ActiveCfg = Release|Any CPU
		{6B50894C-BE96-4A27-8E74-913DCF9AD9FF}.Release|x64.Build.0 = Release|Any CPU
		{6B50894C-BE96-4A27-8E74-913DCF9AD9FF}.Release|x86.ActiveCfg = Release|Any CPU
		{6B50894C-BE96-4A27-8E74-913DCF9AD9FF}.Release|x86.Build.0 = Release|Any CPU
	EndGlobalSection
	GlobalSection(SolutionProperties) = preSolution
		HideSolutionNode = FALSE
	EndGlobalSection
	GlobalSection(NestedProjects) = preSolution
		{66675B82-0A87-8A8C-FBCB-9F1D7BD6AA8C} = {16B57C42-DE3E-AB11-EDEF-4308723653CE}
		{82D359AE-6783-4D3E-92F8-8CB8957A3E02} = {66675B82-0A87-8A8C-FBCB-9F1D7BD6AA8C}
		{ED076D0D-8EAA-97CE-C1CF-410FD041228F} = {16B57C42-DE3E-AB11-EDEF-4308723653CE}
		{2144983D-F27D-4E3C-B657-8D6066F6A74E} = {ED076D0D-8EAA-97CE-C1CF-410FD041228F}
		{29F02729-AFC3-C40C-C550-446FCC974E96} = {3D1BCA06-9861-2607-5EF1-8740E4A9D1DB}
		{D7704E26-D7BD-4C3B-8A00-6FCF6493EFD9} = {29F02729-AFC3-C40C-C550-446FCC974E96}
		{ED87E34F-E1AD-46E6-329D-A1247B572E97} = {3D1BCA06-9861-2607-5EF1-8740E4A9D1DB}
		{6035BDA4-7DB0-4A3A-A08A-0619C3630F21} = {ED87E34F-E1AD-46E6-329D-A1247B572E97}
		{B3B150BC-DEA7-42BE-9700-0007DBE5D724} = {66675B82-0A87-8A8C-FBCB-9F1D7BD6AA8C}
		{11D705D5-CC4F-4507-B54B-790E64442DF1} = {66675B82-0A87-8A8C-FBCB-9F1D7BD6AA8C}
		{441541F7-CB09-3E9D-FC0A-7A9CC2FD7584} = {808186BE-9BD0-DD1D-D574-36EEAD1E7F8F}
		{82505850-7527-4F03-88D4-77387FE7B003} = {441541F7-CB09-3E9D-FC0A-7A9CC2FD7584}
		{C01F1218-BFA1-4E20-8B1D-4F282949B3AE} = {441541F7-CB09-3E9D-FC0A-7A9CC2FD7584}
		{0718FE0D-BED5-45C7-AEC7-A2B1817E6562} = {441541F7-CB09-3E9D-FC0A-7A9CC2FD7584}
		{AE235F6D-AEF6-4886-A277-04B59EA7A5AB} = {441541F7-CB09-3E9D-FC0A-7A9CC2FD7584}
		{69D745AC-445C-C914-373F-C686F501AFA8} = {441541F7-CB09-3E9D-FC0A-7A9CC2FD7584}
		{15965E39-D2E6-4BA7-BC94-C730F8A3529D} = {69D745AC-445C-C914-373F-C686F501AFA8}
		{6F89F00C-2D95-EBB4-5B2E-CCFFDB4AFE38} = {441541F7-CB09-3E9D-FC0A-7A9CC2FD7584}
		{1D482A1B-4E30-4E77-B3A2-D7DDD3BE8C51} = {6F89F00C-2D95-EBB4-5B2E-CCFFDB4AFE38}
		{16B66A0A-2A9C-484A-907A-870193A94E35} = {66675B82-0A87-8A8C-FBCB-9F1D7BD6AA8C}
		{E915B076-3524-DCF3-0E10-DE83D2C3BF44} = {16B57C42-DE3E-AB11-EDEF-4308723653CE}
		{6B50894C-BE96-4A27-8E74-913DCF9AD9FF} = {E915B076-3524-DCF3-0E10-DE83D2C3BF44}
	EndGlobalSection
EndGlobal
