
Microsoft Visual Studio Solution File, Format Version 12.00
# Visual Studio Version 17
VisualStudioVersion = 17.0.31903.59
MinimumVisualStudioVersion = 10.0.40219.1
Project("{2150E333-8FDC-42A3-9474-1A3956D46DE8}") = "src", "src", "{827E0CD3-B72D-47B6-A68D-7590B98EB39B}"
EndProject
Project("{FAE04EC0-301F-11D3-BF4B-00C04F79EFBC}") = "HotMod.Contracts", "src\HotMod.Contracts\HotMod.Contracts.csproj", "{5FD3307E-7A41-4D83-88C2-610F3CC2ECAD}"
EndProject
Project("{FAE04EC0-301F-11D3-BF4B-00C04F79EFBC}") = "HotMod.Shell", "src\HotMod.Shell\HotMod.Shell.csproj", "{3E3B33B2-99F2-4BBC-A2ED-6486E41ACF4C}"
EndProject
Project("{FAE04EC0-301F-11D3-BF4B-00C04F79EFBC}") = "HotMod.Logic", "src\HotMod.Logic\HotMod.Logic.csproj", "{8D2A21E7-2829-4B96-9D93-DD88DD799808}"
EndProject
Project("{2150E333-8FDC-42A3-9474-1A3956D46DE8}") = "tests", "tests", "{0AB3BF05-4346-4AA6-1389-037BE0695223}"
EndProject
Project("{FAE04EC0-301F-11D3-BF4B-00C04F79EFBC}") = "HotMod.ReloadTests", "tests\HotMod.ReloadTests\HotMod.ReloadTests.csproj", "{A54196D4-557C-44F8-9F5A-D4D4C49CF231}"
EndProject
Project("{FAE04EC0-301F-11D3-BF4B-00C04F79EFBC}") = "HotMod.Guardrails", "src\HotMod.Guardrails\HotMod.Guardrails.csproj", "{660FBC11-4A47-46A0-8421-8C7DF1A077A2}"
EndProject
Project("{FAE04EC0-301F-11D3-BF4B-00C04F79EFBC}") = "HotMod.Guardrails.Tests", "tests\HotMod.Guardrails.Tests\HotMod.Guardrails.Tests.csproj", "{B4F91CA1-C3F3-42C2-B449-DCD37DFEA21A}"
EndProject
Global
	GlobalSection(SolutionConfigurationPlatforms) = preSolution
		Debug|Any CPU = Debug|Any CPU
		Debug|x64 = Debug|x64
		Debug|x86 = Debug|x86
		Release|Any CPU = Release|Any CPU
		Release|x64 = Release|x64
		Release|x86 = Release|x86
	EndGlobalSection
	GlobalSection(ProjectConfigurationPlatforms) = postSolution
		{5FD3307E-7A41-4D83-88C2-610F3CC2ECAD}.Debug|Any CPU.ActiveCfg = Debug|Any CPU
		{5FD3307E-7A41-4D83-88C2-610F3CC2ECAD}.Debug|Any CPU.Build.0 = Debug|Any CPU
		{5FD3307E-7A41-4D83-88C2-610F3CC2ECAD}.Debug|x64.ActiveCfg = Debug|Any CPU
		{5FD3307E-7A41-4D83-88C2-610F3CC2ECAD}.Debug|x64.Build.0 = Debug|Any CPU
		{5FD3307E-7A41-4D83-88C2-610F3CC2ECAD}.Debug|x86.ActiveCfg = Debug|Any CPU
		{5FD3307E-7A41-4D83-88C2-610F3CC2ECAD}.Debug|x86.Build.0 = Debug|Any CPU
		{5FD3307E-7A41-4D83-88C2-610F3CC2ECAD}.Release|Any CPU.ActiveCfg = Release|Any CPU
		{5FD3307E-7A41-4D83-88C2-610F3CC2ECAD}.Release|Any CPU.Build.0 = Release|Any CPU
		{5FD3307E-7A41-4D83-88C2-610F3CC2ECAD}.Release|x64.ActiveCfg = Release|Any CPU
		{5FD3307E-7A41-4D83-88C2-610F3CC2ECAD}.Release|x64.Build.0 = Release|Any CPU
		{5FD3307E-7A41-4D83-88C2-610F3CC2ECAD}.Release|x86.ActiveCfg = Release|Any CPU
		{5FD3307E-7A41-4D83-88C2-610F3CC2ECAD}.Release|x86.Build.0 = Release|Any CPU
		{3E3B33B2-99F2-4BBC-A2ED-6486E41ACF4C}.Debug|Any CPU.ActiveCfg = Debug|Any CPU
		{3E3B33B2-99F2-4BBC-A2ED-6486E41ACF4C}.Debug|Any CPU.Build.0 = Debug|Any CPU
		{3E3B33B2-99F2-4BBC-A2ED-6486E41ACF4C}.Debug|x64.ActiveCfg = Debug|Any CPU
		{3E3B33B2-99F2-4BBC-A2ED-6486E41ACF4C}.Debug|x64.Build.0 = Debug|Any CPU
		{3E3B33B2-99F2-4BBC-A2ED-6486E41ACF4C}.Debug|x86.ActiveCfg = Debug|Any CPU
		{3E3B33B2-99F2-4BBC-A2ED-6486E41ACF4C}.Debug|x86.Build.0 = Debug|Any CPU
		{3E3B33B2-99F2-4BBC-A2ED-6486E41ACF4C}.Release|Any CPU.ActiveCfg = Release|Any CPU
		{3E3B33B2-99F2-4BBC-A2ED-6486E41ACF4C}.Release|Any CPU.Build.0 = Release|Any CPU
		{3E3B33B2-99F2-4BBC-A2ED-6486E41ACF4C}.Release|x64.ActiveCfg = Release|Any CPU
		{3E3B33B2-99F2-4BBC-A2ED-6486E41ACF4C}.Release|x64.Build.0 = Release|Any CPU
		{3E3B33B2-99F2-4BBC-A2ED-6486E41ACF4C}.Release|x86.ActiveCfg = Release|Any CPU
		{3E3B33B2-99F2-4BBC-A2ED-6486E41ACF4C}.Release|x86.Build.0 = Release|Any CPU
		{8D2A21E7-2829-4B96-9D93-DD88DD799808}.Debug|Any CPU.ActiveCfg = Debug|Any CPU
		{8D2A21E7-2829-4B96-9D93-DD88DD799808}.Debug|Any CPU.Build.0 = Debug|Any CPU
		{8D2A21E7-2829-4B96-9D93-DD88DD799808}.Debug|x64.ActiveCfg = Debug|Any CPU
		{8D2A21E7-2829-4B96-9D93-DD88DD799808}.Debug|x64.Build.0 = Debug|Any CPU
		{8D2A21E7-2829-4B96-9D93-DD88DD799808}.Debug|x86.ActiveCfg = Debug|Any CPU
		{8D2A21E7-2829-4B96-9D93-DD88DD799808}.Debug|x86.Build.0 = Debug|Any CPU
		{8D2A21E7-2829-4B96-9D93-DD88DD799808}.Release|Any CPU.ActiveCfg = Release|Any CPU
		{8D2A21E7-2829-4B96-9D93-DD88DD799808}.Release|Any CPU.Build.0 = Release|Any CPU
		{8D2A21E7-2829-4B96-9D93-DD88DD799808}.Release|x64.ActiveCfg = Release|Any CPU
		{8D2A21E7-2829-4B96-9D93-DD88DD799808}.Release|x64.Build.0 = Release|Any CPU
		{8D2A21E7-2829-4B96-9D93-DD88DD799808}.Release|x86.ActiveCfg = Release|Any CPU
		{8D2A21E7-2829-4B96-9D93-DD88DD799808}.Release|x86.Build.0 = Release|Any CPU
		{A54196D4-557C-44F8-9F5A-D4D4C49CF231}.Debug|Any CPU.ActiveCfg = Debug|Any CPU
		{A54196D4-557C-44F8-9F5A-D4D4C49CF231}.Debug|Any CPU.Build.0 = Debug|Any CPU
		{A54196D4-557C-44F8-9F5A-D4D4C49CF231}.Debug|x64.ActiveCfg = Debug|Any CPU
		{A54196D4-557C-44F8-9F5A-D4D4C49CF231}.Debug|x64.Build.0 = Debug|Any CPU
		{A54196D4-557C-44F8-9F5A-D4D4C49CF231}.Debug|x86.ActiveCfg = Debug|Any CPU
		{A54196D4-557C-44F8-9F5A-D4D4C49CF231}.Debug|x86.Build.0 = Debug|Any CPU
		{A54196D4-557C-44F8-9F5A-D4D4C49CF231}.Release|Any CPU.ActiveCfg = Release|Any CPU
		{A54196D4-557C-44F8-9F5A-D4D4C49CF231}.Release|Any CPU.Build.0 = Release|Any CPU
		{A54196D4-557C-44F8-9F5A-D4D4C49CF231}.Release|x64.ActiveCfg = Release|Any CPU
		{A54196D4-557C-44F8-9F5A-D4D4C49CF231}.Release|x64.Build.0 = Release|Any CPU
		{A54196D4-557C-44F8-9F5A-D4D4C49CF231}.Release|x86.ActiveCfg = Release|Any CPU
		{A54196D4-557C-44F8-9F5A-D4D4C49CF231}.Release|x86.Build.0 = Release|Any CPU
		{660FBC11-4A47-46A0-8421-8C7DF1A077A2}.Debug|Any CPU.ActiveCfg = Debug|Any CPU
		{660FBC11-4A47-46A0-8421-8C7DF1A077A2}.Debug|Any CPU.Build.0 = Debug|Any CPU
		{660FBC11-4A47-46A0-8421-8C7DF1A077A2}.Debug|x64.ActiveCfg = Debug|Any CPU
		{660FBC11-4A47-46A0-8421-8C7DF1A077A2}.Debug|x64.Build.0 = Debug|Any CPU
		{660FBC11-4A47-46A0-8421-8C7DF1A077A2}.Debug|x86.ActiveCfg = Debug|Any CPU
		{660FBC11-4A47-46A0-8421-8C7DF1A077A2}.Debug|x86.Build.0 = Debug|Any CPU
		{660FBC11-4A47-46A0-8421-8C7DF1A077A2}.Release|Any CPU.ActiveCfg = Release|Any CPU
		{660FBC11-4A47-46A0-8421-8C7DF1A077A2}.Release|Any CPU.Build.0 = Release|Any CPU
		{660FBC11-4A47-46A0-8421-8C7DF1A077A2}.Release|x64.ActiveCfg = Release|Any CPU
		{660FBC11-4A47-46A0-8421-8C7DF1A077A2}.Release|x64.Build.0 = Release|Any CPU
		{660FBC11-4A47-46A0-8421-8C7DF1A077A2}.Release|x86.ActiveCfg = Release|Any CPU
		{660FBC11-4A47-46A0-8421-8C7DF1A077A2}.Release|x86.Build.0 = Release|Any CPU
		{B4F91CA1-C3F3-42C2-B449-DCD37DFEA21A}.Debug|Any CPU.ActiveCfg = Debug|Any CPU
		{B4F91CA1-C3F3-42C2-B449-DCD37DFEA21A}.Debug|Any CPU.Build.0 = Debug|Any CPU
		{B4F91CA1-C3F3-42C2-B449-DCD37DFEA21A}.Debug|x64.ActiveCfg = Debug|Any CPU
		{B4F91CA1-C3F3-42C2-B449-DCD37DFEA21A}.Debug|x64.Build.0 = Debug|Any CPU
		{B4F91CA1-C3F3-42C2-B449-DCD37DFEA21A}.Debug|x86.ActiveCfg = Debug|Any CPU
		{B4F91CA1-C3F3-42C2-B449-DCD37DFEA21A}.Debug|x86.Build.0 = Debug|Any CPU
		{B4F91CA1-C3F3-42C2-B449-DCD37DFEA21A}.Release|Any CPU.ActiveCfg = Release|Any CPU
		{B4F91CA1-C3F3-42C2-B449-DCD37DFEA21A}.Release|Any CPU.Build.0 = Release|Any CPU
		{B4F91CA1-C3F3-42C2-B449-DCD37DFEA21A}.Release|x64.ActiveCfg = Release|Any CPU
		{B4F91CA1-C3F3-42C2-B449-DCD37DFEA21A}.Release|x64.Build.0 = Release|Any CPU
		{B4F91CA1-C3F3-42C2-B449-DCD37DFEA21A}.Release|x86.ActiveCfg = Release|Any CPU
		{B4F91CA1-C3F3-42C2-B449-DCD37DFEA21A}.Release|x86.Build.0 = Release|Any CPU
	EndGlobalSection
	GlobalSection(SolutionProperties) = preSolution
		HideSolutionNode = FALSE
	EndGlobalSection
	GlobalSection(NestedProjects) = preSolution
		{5FD3307E-7A41-4D83-88C2-610F3CC2ECAD} = {827E0CD3-B72D-47B6-A68D-7590B98EB39B}
		{3E3B33B2-99F2-4BBC-A2ED-6486E41ACF4C} = {827E0CD3-B72D-47B6-A68D-7590B98EB39B}
		{8D2A21E7-2829-4B96-9D93-DD88DD799808} = {827E0CD3-B72D-47B6-A68D-7590B98EB39B}
		{A54196D4-557C-44F8-9F5A-D4D4C49CF231} = {0AB3BF05-4346-4AA6-1389-037BE0695223}
		{660FBC11-4A47-46A0-8421-8C7DF1A077A2} = {827E0CD3-B72D-47B6-A68D-7590B98EB39B}
		{B4F91CA1-C3F3-42C2-B449-DCD37DFEA21A} = {0AB3BF05-4346-4AA6-1389-037BE0695223}
	EndGlobalSection
EndGlobal
